
Microsoft Visual Studio Solution File, Format Version 12.00
# Visual Studio 15
VisualStudioVersion = 15.0.27703.2035
MinimumVisualStudioVersion = 10.0.40219.1
Project("{FAE04EC0-301F-11D3-BF4B-00C04F79EFBC}") = "MojaKonzola", "MojaKonzola\MojaKonzola.csproj", "{21B179E6-F81E-4758-BF1D-612FD5C780AB}"
EndProject
Global
	GlobalSection(SolutionConfigurationPlatforms) = preSolution
		Debug|Any CPU = Debug|Any CPU
		Release|Any CPU = Release|Any CPU
	EndGlobalSection
	GlobalSection(ProjectConfigurationPlatforms) = postSolution
		{21B179E6-F81E-4758-BF1D-612FD5C780AB}.Debug|Any CPU.ActiveCfg = Debug|Any CPU
		{21B179E6-F81E-4758-BF1D-612FD5C780AB}.Debug|Any CPU.Build.0 = Debug|Any CPU
		{21B179E6-F81E-4758-BF1D-612FD5C780AB}.Release|Any CPU.ActiveCfg = Release|Any CPU
		{21B179E6-F81E-4758-BF1D-612FD5C780AB}.Release|Any CPU.Build.0 = Release|Any CPU
	EndGlobalSection
	GlobalSection(SolutionProperties) = preSolution
		HideSolutionNode = FALSE
	EndGlobalSection
	GlobalSection(ExtensibilityGlobals) = postSolution
		SolutionGuid = {519D0C2B-0C81-48C8-B607-CC99228D3642}
	EndGlobalSection
EndGlobal
